
Microsoft Visual Studio Solution File, Format Version 12.00
# Visual Studio Version 17
VisualStudioVersion = 17.3.32929.385
MinimumVisualStudioVersion = 10.0.40219.1
Project("{FAE04EC0-301F-11D3-BF4B-00C04F79EFBC}") = "Capgemini.Training.Demo", "Capgemini.Training.Demo\Capgemini.Training.Demo.csproj", "{762B145D-0B2F-4A1E-BDE8-AFF483B06807}"
EndProject
Project("{FAE04EC0-301F-11D3-BF4B-00C04F79EFBC}") = "Capgemini.Base", "Capgemini.Base\Capgemini.Base.csproj", "{060763EA-981D-458C-AEA7-813DDBBD72CD}"
EndProject
Global
	GlobalSection(SolutionConfigurationPlatforms) = preSolution
		Debug|Any CPU = Debug|Any CPU
		Release|Any CPU = Release|Any CPU
	EndGlobalSection
	GlobalSection(ProjectConfigurationPlatforms) = postSolution
		{762B145D-0B2F-4A1E-BDE8-AFF483B06807}.Debug|Any CPU.ActiveCfg = Debug|Any CPU
		{762B145D-0B2F-4A1E-BDE8-AFF483B06807}.Debug|Any CPU.Build.0 = Debug|Any CPU
		{762B145D-0B2F-4A1E-BDE8-AFF483B06807}.Release|Any CPU.ActiveCfg = Release|Any CPU
		{762B145D-0B2F-4A1E-BDE8-AFF483B06807}.Release|Any CPU.Build.0 = Release|Any CPU
		{060763EA-981D-458C-AEA7-813DDBBD72CD}.Debug|Any CPU.ActiveCfg = Debug|Any CPU
		{060763EA-981D-458C-AEA7-813DDBBD72CD}.Debug|Any CPU.Build.0 = Debug|Any CPU
		{060763EA-981D-458C-AEA7-813DDBBD72CD}.Release|Any CPU.ActiveCfg = Release|Any CPU
		{060763EA-981D-458C-AEA7-813DDBBD72CD}.Release|Any CPU.Build.0 = Release|Any CPU
	EndGlobalSection
	GlobalSection(SolutionProperties) = preSolution
		HideSolutionNode = FALSE
	EndGlobalSection
	GlobalSection(ExtensibilityGlobals) = postSolution
		SolutionGuid = {70A59917-32C4-43D8-BFCD-9A5E7BD8FCAA}
	EndGlobalSection
EndGlobal
